// !$*UTF8*$!
{
	archiveVersion = 1;
	classes = {
	};
	objectVersion = 48;
	objects = {

/* Begin PBXBuildFile section */
		5E3CAC5020353EA7009D9DFF /* CommunityCell.swift in Sources */ = {isa = PBXBuildFile; fileRef = 5E3CAC4F20353EA7009D9DFF /* CommunityCell.swift */; };
		5E8EC8BB202A3785000F86D8 /* AppDelegate.swift in Sources */ = {isa = PBXBuildFile; fileRef = 5E8EC8BA202A3785000F86D8 /* AppDelegate.swift */; };
		5E8EC8C2202A3785000F86D8 /* Main.storyboard in Resources */ = {isa = PBXBuildFile; fileRef = 5E8EC8C0202A3785000F86D8 /* Main.storyboard */; };
		5E8EC8C4202A3785000F86D8 /* Assets.xcassets in Resources */ = {isa = PBXBuildFile; fileRef = 5E8EC8C3202A3785000F86D8 /* Assets.xcassets */; };
		5E8EC8C7202A3785000F86D8 /* LaunchScreen.storyboard in Resources */ = {isa = PBXBuildFile; fileRef = 5E8EC8C5202A3785000F86D8 /* LaunchScreen.storyboard */; };
		5E8EC8D2202A3785000F86D8 /* CruCentralCoastTests.swift in Sources */ = {isa = PBXBuildFile; fileRef = 5E8EC8D1202A3785000F86D8 /* CruCentralCoastTests.swift */; };
		5E8EC8DD202A3785000F86D8 /* CruCentralCoastUITests.swift in Sources */ = {isa = PBXBuildFile; fileRef = 5E8EC8DC202A3785000F86D8 /* CruCentralCoastUITests.swift */; };
		5E8EC901202A8AB5000F86D8 /* CommunityViewController.swift in Sources */ = {isa = PBXBuildFile; fileRef = 5E8EC900202A8AB5000F86D8 /* CommunityViewController.swift */; };
		5EBD534820352C410097A853 /* Events.storyboard in Resources */ = {isa = PBXBuildFile; fileRef = 5EBD534720352C410097A853 /* Events.storyboard */; };
		5EBD534A20352C9B0097A853 /* Community.storyboard in Resources */ = {isa = PBXBuildFile; fileRef = 5EBD534920352C9B0097A853 /* Community.storyboard */; };
		5EBD534E20352CDD0097A853 /* Rides.storyboard in Resources */ = {isa = PBXBuildFile; fileRef = 5EBD534D20352CDD0097A853 /* Rides.storyboard */; };
		5EBD535020352CEF0097A853 /* Resources.storyboard in Resources */ = {isa = PBXBuildFile; fileRef = 5EBD534F20352CEF0097A853 /* Resources.storyboard */; };
		5EBD535220352FE10097A853 /* CommunityTVC.swift in Sources */ = {isa = PBXBuildFile; fileRef = 5EBD535120352FE10097A853 /* CommunityTVC.swift */; };
		5EC413C6203FA86A00E2184D /* Missions.storyboard in Resources */ = {isa = PBXBuildFile; fileRef = 5EC413C5203FA86A00E2184D /* Missions.storyboard */; };
		5EC413C8203FAD4D00E2184D /* placeholder.jpg in Resources */ = {isa = PBXBuildFile; fileRef = 5EC413C7203FAD4D00E2184D /* placeholder.jpg */; };
		5EC413CD203FAF2300E2184D /* MissionCell.swift in Sources */ = {isa = PBXBuildFile; fileRef = 5EC413CB203FAF2300E2184D /* MissionCell.swift */; };
		5EC413CE203FAF2300E2184D /* MissionCell.xib in Resources */ = {isa = PBXBuildFile; fileRef = 5EC413CC203FAF2300E2184D /* MissionCell.xib */; };
		5EC413D0203FB17600E2184D /* MissionCVC.swift in Sources */ = {isa = PBXBuildFile; fileRef = 5EC413CF203FB17600E2184D /* MissionCVC.swift */; };
		AD32AE39206C546000437601 /* CustomSegmentedControl.swift in Sources */ = {isa = PBXBuildFile; fileRef = AD32AE38206C546000437601 /* CustomSegmentedControl.swift */; };
		ADE6450B2075B33200C1EA1B /* VideosResources.swift in Sources */ = {isa = PBXBuildFile; fileRef = ADE6450A2075B33200C1EA1B /* VideosResources.swift */; };
		ADE6450D2075B33800C1EA1B /* ArticlesResources.swift in Sources */ = {isa = PBXBuildFile; fileRef = ADE6450C2075B33800C1EA1B /* ArticlesResources.swift */; };
		ADE6450F2075B6E200C1EA1B /* AudioResources.swift in Sources */ = {isa = PBXBuildFile; fileRef = ADE6450E2075B6E200C1EA1B /* AudioResources.swift */; };
		ADE645112075BA6600C1EA1B /* ResourcesVC.swift in Sources */ = {isa = PBXBuildFile; fileRef = ADE645102075BA6600C1EA1B /* ResourcesVC.swift */; };
		ADE645132075FE6900C1EA1B /* UIViewControllerExtensions.swift in Sources */ = {isa = PBXBuildFile; fileRef = ADE645122075FE6900C1EA1B /* UIViewControllerExtensions.swift */; };
		ADFA56D3206D7BA4006F7099 /* ArticlesResourcesCell.swift in Sources */ = {isa = PBXBuildFile; fileRef = ADFA56D1206D7BA4006F7099 /* ArticlesResourcesCell.swift */; };
		ADFA56D4206D7BA4006F7099 /* ArticlesResourcesCell.xib in Resources */ = {isa = PBXBuildFile; fileRef = ADFA56D2206D7BA4006F7099 /* ArticlesResourcesCell.xib */; };
		ADFA56D9206D7E87006F7099 /* DequeueExtensions.swift in Sources */ = {isa = PBXBuildFile; fileRef = ADFA56D8206D7E87006F7099 /* DequeueExtensions.swift */; };
		ADFA56DC206D82E1006F7099 /* VideosResourcesCell.swift in Sources */ = {isa = PBXBuildFile; fileRef = ADFA56DA206D82E1006F7099 /* VideosResourcesCell.swift */; };
		ADFA56DD206D82E1006F7099 /* VideosResourcesCell.xib in Resources */ = {isa = PBXBuildFile; fileRef = ADFA56DB206D82E1006F7099 /* VideosResourcesCell.xib */; };
		ADFA56E0206D82FA006F7099 /* AudioResourcesCell.swift in Sources */ = {isa = PBXBuildFile; fileRef = ADFA56DE206D82FA006F7099 /* AudioResourcesCell.swift */; };
		ADFA56E1206D82FA006F7099 /* AudioResourcesCell.xib in Resources */ = {isa = PBXBuildFile; fileRef = ADFA56DF206D82FA006F7099 /* AudioResourcesCell.xib */; };
		ADFA56E3206D9FB6006F7099 /* UIColorExtensions.swift in Sources */ = {isa = PBXBuildFile; fileRef = ADFA56E2206D9FB6006F7099 /* UIColorExtensions.swift */; };
/* End PBXBuildFile section */

/* Begin PBXContainerItemProxy section */
		5E8EC8CE202A3785000F86D8 /* PBXContainerItemProxy */ = {
			isa = PBXContainerItemProxy;
			containerPortal = 5E8EC8AF202A3785000F86D8 /* Project object */;
			proxyType = 1;
			remoteGlobalIDString = 5E8EC8B6202A3785000F86D8;
			remoteInfo = CruCentralCoast;
		};
		5E8EC8D9202A3785000F86D8 /* PBXContainerItemProxy */ = {
			isa = PBXContainerItemProxy;
			containerPortal = 5E8EC8AF202A3785000F86D8 /* Project object */;
			proxyType = 1;
			remoteGlobalIDString = 5E8EC8B6202A3785000F86D8;
			remoteInfo = CruCentralCoast;
		};
/* End PBXContainerItemProxy section */

/* Begin PBXFileReference section */
		5E3CAC4F20353EA7009D9DFF /* CommunityCell.swift */ = {isa = PBXFileReference; lastKnownFileType = sourcecode.swift; path = CommunityCell.swift; sourceTree = "<group>"; };
		5E8EC8B7202A3785000F86D8 /* CruCentralCoast.app */ = {isa = PBXFileReference; explicitFileType = wrapper.application; includeInIndex = 0; path = CruCentralCoast.app; sourceTree = BUILT_PRODUCTS_DIR; };
		5E8EC8BA202A3785000F86D8 /* AppDelegate.swift */ = {isa = PBXFileReference; lastKnownFileType = sourcecode.swift; path = AppDelegate.swift; sourceTree = "<group>"; };
		5E8EC8C1202A3785000F86D8 /* Base */ = {isa = PBXFileReference; lastKnownFileType = file.storyboard; name = Base; path = Base.lproj/Main.storyboard; sourceTree = "<group>"; };
		5E8EC8C3202A3785000F86D8 /* Assets.xcassets */ = {isa = PBXFileReference; lastKnownFileType = folder.assetcatalog; path = Assets.xcassets; sourceTree = "<group>"; };
		5E8EC8C6202A3785000F86D8 /* Base */ = {isa = PBXFileReference; lastKnownFileType = file.storyboard; name = Base; path = Base.lproj/LaunchScreen.storyboard; sourceTree = "<group>"; };
		5E8EC8C8202A3785000F86D8 /* Info.plist */ = {isa = PBXFileReference; lastKnownFileType = text.plist.xml; path = Info.plist; sourceTree = "<group>"; };
		5E8EC8CD202A3785000F86D8 /* CruCentralCoastTests.xctest */ = {isa = PBXFileReference; explicitFileType = wrapper.cfbundle; includeInIndex = 0; path = CruCentralCoastTests.xctest; sourceTree = BUILT_PRODUCTS_DIR; };
		5E8EC8D1202A3785000F86D8 /* CruCentralCoastTests.swift */ = {isa = PBXFileReference; lastKnownFileType = sourcecode.swift; path = CruCentralCoastTests.swift; sourceTree = "<group>"; };
		5E8EC8D3202A3785000F86D8 /* Info.plist */ = {isa = PBXFileReference; lastKnownFileType = text.plist.xml; path = Info.plist; sourceTree = "<group>"; };
		5E8EC8D8202A3785000F86D8 /* CruCentralCoastUITests.xctest */ = {isa = PBXFileReference; explicitFileType = wrapper.cfbundle; includeInIndex = 0; path = CruCentralCoastUITests.xctest; sourceTree = BUILT_PRODUCTS_DIR; };
		5E8EC8DC202A3785000F86D8 /* CruCentralCoastUITests.swift */ = {isa = PBXFileReference; lastKnownFileType = sourcecode.swift; path = CruCentralCoastUITests.swift; sourceTree = "<group>"; };
		5E8EC8DE202A3785000F86D8 /* Info.plist */ = {isa = PBXFileReference; lastKnownFileType = text.plist.xml; path = Info.plist; sourceTree = "<group>"; };
		5E8EC900202A8AB5000F86D8 /* CommunityViewController.swift */ = {isa = PBXFileReference; lastKnownFileType = sourcecode.swift; path = CommunityViewController.swift; sourceTree = "<group>"; };
		5EBD534720352C410097A853 /* Events.storyboard */ = {isa = PBXFileReference; lastKnownFileType = file.storyboard; path = Events.storyboard; sourceTree = "<group>"; };
		5EBD534920352C9B0097A853 /* Community.storyboard */ = {isa = PBXFileReference; lastKnownFileType = file.storyboard; path = Community.storyboard; sourceTree = "<group>"; };
		5EBD534D20352CDD0097A853 /* Rides.storyboard */ = {isa = PBXFileReference; lastKnownFileType = file.storyboard; path = Rides.storyboard; sourceTree = "<group>"; };
		5EBD534F20352CEF0097A853 /* Resources.storyboard */ = {isa = PBXFileReference; lastKnownFileType = file.storyboard; path = Resources.storyboard; sourceTree = "<group>"; };
		5EBD535120352FE10097A853 /* CommunityTVC.swift */ = {isa = PBXFileReference; lastKnownFileType = sourcecode.swift; path = CommunityTVC.swift; sourceTree = "<group>"; };
		5EC413C5203FA86A00E2184D /* Missions.storyboard */ = {isa = PBXFileReference; lastKnownFileType = file.storyboard; path = Missions.storyboard; sourceTree = "<group>"; };
		5EC413C7203FAD4D00E2184D /* placeholder.jpg */ = {isa = PBXFileReference; lastKnownFileType = image.jpeg; path = placeholder.jpg; sourceTree = "<group>"; };
		5EC413CB203FAF2300E2184D /* MissionCell.swift */ = {isa = PBXFileReference; lastKnownFileType = sourcecode.swift; path = MissionCell.swift; sourceTree = "<group>"; };
		5EC413CC203FAF2300E2184D /* MissionCell.xib */ = {isa = PBXFileReference; lastKnownFileType = file.xib; path = MissionCell.xib; sourceTree = "<group>"; };
		5EC413CF203FB17600E2184D /* MissionCVC.swift */ = {isa = PBXFileReference; lastKnownFileType = sourcecode.swift; path = MissionCVC.swift; sourceTree = "<group>"; };
		AD32AE38206C546000437601 /* CustomSegmentedControl.swift */ = {isa = PBXFileReference; lastKnownFileType = sourcecode.swift; path = CustomSegmentedControl.swift; sourceTree = "<group>"; };
		ADE6450A2075B33200C1EA1B /* VideosResources.swift */ = {isa = PBXFileReference; fileEncoding = 4; lastKnownFileType = sourcecode.swift; path = VideosResources.swift; sourceTree = "<group>"; };
		ADE6450C2075B33800C1EA1B /* ArticlesResources.swift */ = {isa = PBXFileReference; fileEncoding = 4; lastKnownFileType = sourcecode.swift; path = ArticlesResources.swift; sourceTree = "<group>"; };
		ADE6450E2075B6E200C1EA1B /* AudioResources.swift */ = {isa = PBXFileReference; fileEncoding = 4; lastKnownFileType = sourcecode.swift; path = AudioResources.swift; sourceTree = "<group>"; };
		ADE645102075BA6600C1EA1B /* ResourcesVC.swift */ = {isa = PBXFileReference; fileEncoding = 4; lastKnownFileType = sourcecode.swift; path = ResourcesVC.swift; sourceTree = "<group>"; };
		ADE645122075FE6900C1EA1B /* UIViewControllerExtensions.swift */ = {isa = PBXFileReference; lastKnownFileType = sourcecode.swift; path = UIViewControllerExtensions.swift; sourceTree = "<group>"; };
		ADFA56D1206D7BA4006F7099 /* ArticlesResourcesCell.swift */ = {isa = PBXFileReference; lastKnownFileType = sourcecode.swift; path = ArticlesResourcesCell.swift; sourceTree = "<group>"; };
		ADFA56D2206D7BA4006F7099 /* ArticlesResourcesCell.xib */ = {isa = PBXFileReference; lastKnownFileType = file.xib; path = ArticlesResourcesCell.xib; sourceTree = "<group>"; };
		ADFA56D8206D7E87006F7099 /* DequeueExtensions.swift */ = {isa = PBXFileReference; fileEncoding = 4; lastKnownFileType = sourcecode.swift; path = DequeueExtensions.swift; sourceTree = "<group>"; };
		ADFA56DA206D82E1006F7099 /* VideosResourcesCell.swift */ = {isa = PBXFileReference; lastKnownFileType = sourcecode.swift; path = VideosResourcesCell.swift; sourceTree = "<group>"; };
		ADFA56DB206D82E1006F7099 /* VideosResourcesCell.xib */ = {isa = PBXFileReference; lastKnownFileType = file.xib; path = VideosResourcesCell.xib; sourceTree = "<group>"; };
		ADFA56DE206D82FA006F7099 /* AudioResourcesCell.swift */ = {isa = PBXFileReference; lastKnownFileType = sourcecode.swift; path = AudioResourcesCell.swift; sourceTree = "<group>"; };
		ADFA56DF206D82FA006F7099 /* AudioResourcesCell.xib */ = {isa = PBXFileReference; lastKnownFileType = file.xib; path = AudioResourcesCell.xib; sourceTree = "<group>"; };
		ADFA56E2206D9FB6006F7099 /* UIColorExtensions.swift */ = {isa = PBXFileReference; lastKnownFileType = sourcecode.swift; path = UIColorExtensions.swift; sourceTree = "<group>"; };
/* End PBXFileReference section */

/* Begin PBXFrameworksBuildPhase section */
		5E8EC8B4202A3785000F86D8 /* Frameworks */ = {
			isa = PBXFrameworksBuildPhase;
			buildActionMask = 2147483647;
			files = (
			);
			runOnlyForDeploymentPostprocessing = 0;
		};
		5E8EC8CA202A3785000F86D8 /* Frameworks */ = {
			isa = PBXFrameworksBuildPhase;
			buildActionMask = 2147483647;
			files = (
			);
			runOnlyForDeploymentPostprocessing = 0;
		};
		5E8EC8D5202A3785000F86D8 /* Frameworks */ = {
			isa = PBXFrameworksBuildPhase;
			buildActionMask = 2147483647;
			files = (
			);
			runOnlyForDeploymentPostprocessing = 0;
		};
/* End PBXFrameworksBuildPhase section */

/* Begin PBXGroup section */
		5E8EC8AE202A3785000F86D8 = {
			isa = PBXGroup;
			children = (
				5E8EC8B9202A3785000F86D8 /* CruCentralCoast */,
				5E8EC8D0202A3785000F86D8 /* CruCentralCoastTests */,
				5E8EC8DB202A3785000F86D8 /* CruCentralCoastUITests */,
				5E8EC8B8202A3785000F86D8 /* Products */,
			);
			sourceTree = "<group>";
		};
		5E8EC8B8202A3785000F86D8 /* Products */ = {
			isa = PBXGroup;
			children = (
				5E8EC8B7202A3785000F86D8 /* CruCentralCoast.app */,
				5E8EC8CD202A3785000F86D8 /* CruCentralCoastTests.xctest */,
				5E8EC8D8202A3785000F86D8 /* CruCentralCoastUITests.xctest */,
			);
			name = Products;
			sourceTree = "<group>";
		};
		5E8EC8B9202A3785000F86D8 /* CruCentralCoast */ = {
			isa = PBXGroup;
			children = (
				ADFA56E5206DADFC006F7099 /* CustomViews */,
				ADFA56E4206DADF1006F7099 /* Extensions */,
				5E8EC8BA202A3785000F86D8 /* AppDelegate.swift */,
				5E8EC8C0202A3785000F86D8 /* Main.storyboard */,
				5EBD534620352C1E0097A853 /* Events */,
				5E8EC8FF202A8A71000F86D8 /* Community */,
				5EBD534C20352CCF0097A853 /* Resources */,
				5EBD534B20352CC70097A853 /* Rides */,
				5E8EC8C3202A3785000F86D8 /* Assets.xcassets */,
				5E8EC8C5202A3785000F86D8 /* LaunchScreen.storyboard */,
				5E8EC8C8202A3785000F86D8 /* Info.plist */,
			);
			path = CruCentralCoast;
			sourceTree = "<group>";
		};
		5E8EC8D0202A3785000F86D8 /* CruCentralCoastTests */ = {
			isa = PBXGroup;
			children = (
				5E8EC8D1202A3785000F86D8 /* CruCentralCoastTests.swift */,
				5E8EC8D3202A3785000F86D8 /* Info.plist */,
			);
			path = CruCentralCoastTests;
			sourceTree = "<group>";
		};
		5E8EC8DB202A3785000F86D8 /* CruCentralCoastUITests */ = {
			isa = PBXGroup;
			children = (
				5E8EC8DC202A3785000F86D8 /* CruCentralCoastUITests.swift */,
				5E8EC8DE202A3785000F86D8 /* Info.plist */,
			);
			path = CruCentralCoastUITests;
			sourceTree = "<group>";
		};
		5E8EC8FF202A8A71000F86D8 /* Community */ = {
			isa = PBXGroup;
			children = (
				5E8EC900202A8AB5000F86D8 /* CommunityViewController.swift */,
				5EC413C4203FA70600E2184D /* Missions */,
				5E3CAC4F20353EA7009D9DFF /* CommunityCell.swift */,
				5EBD534920352C9B0097A853 /* Community.storyboard */,
				5EBD535120352FE10097A853 /* CommunityTVC.swift */,
			);
			path = Community;
			sourceTree = "<group>";
		};
		5EBD534620352C1E0097A853 /* Events */ = {
			isa = PBXGroup;
			children = (
				5EBD534720352C410097A853 /* Events.storyboard */,
			);
			path = Events;
			sourceTree = "<group>";
		};
		5EBD534B20352CC70097A853 /* Rides */ = {
			isa = PBXGroup;
			children = (
				5EBD534D20352CDD0097A853 /* Rides.storyboard */,
			);
			path = Rides;
			sourceTree = "<group>";
		};
		5EBD534C20352CCF0097A853 /* Resources */ = {
			isa = PBXGroup;
			children = (
				ADFA56D7206D7BF9006F7099 /* Audio */,
				ADFA56D6206D7BE6006F7099 /* Videos */,
				ADFA56D5206D7BC8006F7099 /* Articles */,
				5EBD534F20352CEF0097A853 /* Resources.storyboard */,
				ADE645102075BA6600C1EA1B /* ResourcesVC.swift */,
			);
			path = Resources;
			sourceTree = "<group>";
		};
		5EC413C4203FA70600E2184D /* Missions */ = {
			isa = PBXGroup;
			children = (
				5EC413C7203FAD4D00E2184D /* placeholder.jpg */,
				5EC413C5203FA86A00E2184D /* Missions.storyboard */,
				5EC413CB203FAF2300E2184D /* MissionCell.swift */,
				5EC413CF203FB17600E2184D /* MissionCVC.swift */,
				5EC413CC203FAF2300E2184D /* MissionCell.xib */,
			);
			path = Missions;
			sourceTree = "<group>";
		};
		ADFA56D5206D7BC8006F7099 /* Articles */ = {
			isa = PBXGroup;
			children = (
				ADE6450C2075B33800C1EA1B /* ArticlesResources.swift */,
				ADFA56D1206D7BA4006F7099 /* ArticlesResourcesCell.swift */,
				ADFA56D2206D7BA4006F7099 /* ArticlesResourcesCell.xib */,
			);
			path = Articles;
			sourceTree = "<group>";
		};
		ADFA56D6206D7BE6006F7099 /* Videos */ = {
			isa = PBXGroup;
			children = (
				ADE6450A2075B33200C1EA1B /* VideosResources.swift */,
				ADFA56DA206D82E1006F7099 /* VideosResourcesCell.swift */,
				ADFA56DB206D82E1006F7099 /* VideosResourcesCell.xib */,
			);
			path = Videos;
			sourceTree = "<group>";
		};
		ADFA56D7206D7BF9006F7099 /* Audio */ = {
			isa = PBXGroup;
			children = (
				ADE6450E2075B6E200C1EA1B /* AudioResources.swift */,
				ADFA56DE206D82FA006F7099 /* AudioResourcesCell.swift */,
				ADFA56DF206D82FA006F7099 /* AudioResourcesCell.xib */,
			);
			path = Audio;
			sourceTree = "<group>";
		};
		ADFA56E4206DADF1006F7099 /* Extensions */ = {
			isa = PBXGroup;
			children = (
				ADFA56D8206D7E87006F7099 /* DequeueExtensions.swift */,
				ADFA56E2206D9FB6006F7099 /* UIColorExtensions.swift */,
				ADE645122075FE6900C1EA1B /* UIViewControllerExtensions.swift */,
			);
			path = Extensions;
			sourceTree = "<group>";
		};
		ADFA56E5206DADFC006F7099 /* CustomViews */ = {
			isa = PBXGroup;
			children = (
				AD32AE38206C546000437601 /* CustomSegmentedControl.swift */,
			);
			path = CustomViews;
			sourceTree = "<group>";
		};
/* End PBXGroup section */

/* Begin PBXNativeTarget section */
		5E8EC8B6202A3785000F86D8 /* CruCentralCoast */ = {
			isa = PBXNativeTarget;
			buildConfigurationList = 5E8EC8E1202A3785000F86D8 /* Build configuration list for PBXNativeTarget "CruCentralCoast" */;
			buildPhases = (
				5E8EC8B3202A3785000F86D8 /* Sources */,
				5E8EC8B4202A3785000F86D8 /* Frameworks */,
				5E8EC8B5202A3785000F86D8 /* Resources */,
			);
			buildRules = (
			);
			dependencies = (
			);
			name = CruCentralCoast;
			productName = CruCentralCoast;
			productReference = 5E8EC8B7202A3785000F86D8 /* CruCentralCoast.app */;
			productType = "com.apple.product-type.application";
		};
		5E8EC8CC202A3785000F86D8 /* CruCentralCoastTests */ = {
			isa = PBXNativeTarget;
			buildConfigurationList = 5E8EC8E4202A3785000F86D8 /* Build configuration list for PBXNativeTarget "CruCentralCoastTests" */;
			buildPhases = (
				5E8EC8C9202A3785000F86D8 /* Sources */,
				5E8EC8CA202A3785000F86D8 /* Frameworks */,
				5E8EC8CB202A3785000F86D8 /* Resources */,
			);
			buildRules = (
			);
			dependencies = (
				5E8EC8CF202A3785000F86D8 /* PBXTargetDependency */,
			);
			name = CruCentralCoastTests;
			productName = CruCentralCoastTests;
			productReference = 5E8EC8CD202A3785000F86D8 /* CruCentralCoastTests.xctest */;
			productType = "com.apple.product-type.bundle.unit-test";
		};
		5E8EC8D7202A3785000F86D8 /* CruCentralCoastUITests */ = {
			isa = PBXNativeTarget;
			buildConfigurationList = 5E8EC8E7202A3785000F86D8 /* Build configuration list for PBXNativeTarget "CruCentralCoastUITests" */;
			buildPhases = (
				5E8EC8D4202A3785000F86D8 /* Sources */,
				5E8EC8D5202A3785000F86D8 /* Frameworks */,
				5E8EC8D6202A3785000F86D8 /* Resources */,
			);
			buildRules = (
			);
			dependencies = (
				5E8EC8DA202A3785000F86D8 /* PBXTargetDependency */,
			);
			name = CruCentralCoastUITests;
			productName = CruCentralCoastUITests;
			productReference = 5E8EC8D8202A3785000F86D8 /* CruCentralCoastUITests.xctest */;
			productType = "com.apple.product-type.bundle.ui-testing";
		};
/* End PBXNativeTarget section */

/* Begin PBXProject section */
		5E8EC8AF202A3785000F86D8 /* Project object */ = {
			isa = PBXProject;
			attributes = {
				LastSwiftUpdateCheck = 0920;
				LastUpgradeCheck = 0920;
				ORGANIZATIONNAME = "Landon Gerrits";
				TargetAttributes = {
					5E8EC8B6202A3785000F86D8 = {
						CreatedOnToolsVersion = 9.2;
						ProvisioningStyle = Automatic;
					};
					5E8EC8CC202A3785000F86D8 = {
						CreatedOnToolsVersion = 9.2;
						ProvisioningStyle = Automatic;
						TestTargetID = 5E8EC8B6202A3785000F86D8;
					};
					5E8EC8D7202A3785000F86D8 = {
						CreatedOnToolsVersion = 9.2;
						ProvisioningStyle = Automatic;
						TestTargetID = 5E8EC8B6202A3785000F86D8;
					};
				};
			};
			buildConfigurationList = 5E8EC8B2202A3785000F86D8 /* Build configuration list for PBXProject "CruCentralCoast" */;
			compatibilityVersion = "Xcode 8.0";
			developmentRegion = en;
			hasScannedForEncodings = 0;
			knownRegions = (
				en,
				Base,
			);
			mainGroup = 5E8EC8AE202A3785000F86D8;
			productRefGroup = 5E8EC8B8202A3785000F86D8 /* Products */;
			projectDirPath = "";
			projectRoot = "";
			targets = (
				5E8EC8B6202A3785000F86D8 /* CruCentralCoast */,
				5E8EC8CC202A3785000F86D8 /* CruCentralCoastTests */,
				5E8EC8D7202A3785000F86D8 /* CruCentralCoastUITests */,
			);
		};
/* End PBXProject section */

/* Begin PBXResourcesBuildPhase section */
		5E8EC8B5202A3785000F86D8 /* Resources */ = {
			isa = PBXResourcesBuildPhase;
			buildActionMask = 2147483647;
			files = (
				5EBD534A20352C9B0097A853 /* Community.storyboard in Resources */,
				ADFA56D4206D7BA4006F7099 /* ArticlesResourcesCell.xib in Resources */,
				5EC413CE203FAF2300E2184D /* MissionCell.xib in Resources */,
				5EC413C8203FAD4D00E2184D /* placeholder.jpg in Resources */,
				5EBD534E20352CDD0097A853 /* Rides.storyboard in Resources */,
				5E8EC8C7202A3785000F86D8 /* LaunchScreen.storyboard in Resources */,
				ADFA56DD206D82E1006F7099 /* VideosResourcesCell.xib in Resources */,
				ADFA56E1206D82FA006F7099 /* AudioResourcesCell.xib in Resources */,
				5EC413C6203FA86A00E2184D /* Missions.storyboard in Resources */,
				5E8EC8C4202A3785000F86D8 /* Assets.xcassets in Resources */,
				5EBD535020352CEF0097A853 /* Resources.storyboard in Resources */,
				5E8EC8C2202A3785000F86D8 /* Main.storyboard in Resources */,
				5EBD534820352C410097A853 /* Events.storyboard in Resources */,
			);
			runOnlyForDeploymentPostprocessing = 0;
		};
		5E8EC8CB202A3785000F86D8 /* Resources */ = {
			isa = PBXResourcesBuildPhase;
			buildActionMask = 2147483647;
			files = (
			);
			runOnlyForDeploymentPostprocessing = 0;
		};
		5E8EC8D6202A3785000F86D8 /* Resources */ = {
			isa = PBXResourcesBuildPhase;
			buildActionMask = 2147483647;
			files = (
			);
			runOnlyForDeploymentPostprocessing = 0;
		};
/* End PBXResourcesBuildPhase section */

/* Begin PBXSourcesBuildPhase section */
		5E8EC8B3202A3785000F86D8 /* Sources */ = {
			isa = PBXSourcesBuildPhase;
			buildActionMask = 2147483647;
			files = (
				5E8EC901202A8AB5000F86D8 /* CommunityViewController.swift in Sources */,
				ADE645132075FE6900C1EA1B /* UIViewControllerExtensions.swift in Sources */,
				ADE6450F2075B6E200C1EA1B /* AudioResources.swift in Sources */,
				ADE645112075BA6600C1EA1B /* ResourcesVC.swift in Sources */,
				ADFA56D3206D7BA4006F7099 /* ArticlesResourcesCell.swift in Sources */,
				5EC413D0203FB17600E2184D /* MissionCVC.swift in Sources */,
				ADFA56E0206D82FA006F7099 /* AudioResourcesCell.swift in Sources */,
				5EC413CD203FAF2300E2184D /* MissionCell.swift in Sources */,
				5EBD535220352FE10097A853 /* CommunityTVC.swift in Sources */,
				ADE6450B2075B33200C1EA1B /* VideosResources.swift in Sources */,
				ADFA56E3206D9FB6006F7099 /* UIColorExtensions.swift in Sources */,
				ADFA56DC206D82E1006F7099 /* VideosResourcesCell.swift in Sources */,
				AD32AE39206C546000437601 /* CustomSegmentedControl.swift in Sources */,
				ADE6450D2075B33800C1EA1B /* ArticlesResources.swift in Sources */,
				5E8EC8BB202A3785000F86D8 /* AppDelegate.swift in Sources */,
				5E3CAC5020353EA7009D9DFF /* CommunityCell.swift in Sources */,
				ADFA56D9206D7E87006F7099 /* DequeueExtensions.swift in Sources */,
			);
			runOnlyForDeploymentPostprocessing = 0;
		};
		5E8EC8C9202A3785000F86D8 /* Sources */ = {
			isa = PBXSourcesBuildPhase;
			buildActionMask = 2147483647;
			files = (
				5E8EC8D2202A3785000F86D8 /* CruCentralCoastTests.swift in Sources */,
			);
			runOnlyForDeploymentPostprocessing = 0;
		};
		5E8EC8D4202A3785000F86D8 /* Sources */ = {
			isa = PBXSourcesBuildPhase;
			buildActionMask = 2147483647;
			files = (
				5E8EC8DD202A3785000F86D8 /* CruCentralCoastUITests.swift in Sources */,
			);
			runOnlyForDeploymentPostprocessing = 0;
		};
/* End PBXSourcesBuildPhase section */

/* Begin PBXTargetDependency section */
		5E8EC8CF202A3785000F86D8 /* PBXTargetDependency */ = {
			isa = PBXTargetDependency;
			target = 5E8EC8B6202A3785000F86D8 /* CruCentralCoast */;
			targetProxy = 5E8EC8CE202A3785000F86D8 /* PBXContainerItemProxy */;
		};
		5E8EC8DA202A3785000F86D8 /* PBXTargetDependency */ = {
			isa = PBXTargetDependency;
			target = 5E8EC8B6202A3785000F86D8 /* CruCentralCoast */;
			targetProxy = 5E8EC8D9202A3785000F86D8 /* PBXContainerItemProxy */;
		};
/* End PBXTargetDependency section */

/* Begin PBXVariantGroup section */
		5E8EC8C0202A3785000F86D8 /* Main.storyboard */ = {
			isa = PBXVariantGroup;
			children = (
				5E8EC8C1202A3785000F86D8 /* Base */,
			);
			name = Main.storyboard;
			sourceTree = "<group>";
		};
		5E8EC8C5202A3785000F86D8 /* LaunchScreen.storyboard */ = {
			isa = PBXVariantGroup;
			children = (
				5E8EC8C6202A3785000F86D8 /* Base */,
			);
			name = LaunchScreen.storyboard;
			sourceTree = "<group>";
		};
/* End PBXVariantGroup section */

/* Begin XCBuildConfiguration section */
		5E8EC8DF202A3785000F86D8 /* Debug */ = {
			isa = XCBuildConfiguration;
			buildSettings = {
				ALWAYS_SEARCH_USER_PATHS = NO;
				CLANG_ANALYZER_NONNULL = YES;
				CLANG_ANALYZER_NUMBER_OBJECT_CONVERSION = YES_AGGRESSIVE;
				CLANG_CXX_LANGUAGE_STANDARD = "gnu++14";
				CLANG_CXX_LIBRARY = "libc++";
				CLANG_ENABLE_MODULES = YES;
				CLANG_ENABLE_OBJC_ARC = YES;
				CLANG_WARN_BLOCK_CAPTURE_AUTORELEASING = YES;
				CLANG_WARN_BOOL_CONVERSION = YES;
				CLANG_WARN_COMMA = YES;
				CLANG_WARN_CONSTANT_CONVERSION = YES;
				CLANG_WARN_DIRECT_OBJC_ISA_USAGE = YES_ERROR;
				CLANG_WARN_DOCUMENTATION_COMMENTS = YES;
				CLANG_WARN_EMPTY_BODY = YES;
				CLANG_WARN_ENUM_CONVERSION = YES;
				CLANG_WARN_INFINITE_RECURSION = YES;
				CLANG_WARN_INT_CONVERSION = YES;
				CLANG_WARN_NON_LITERAL_NULL_CONVERSION = YES;
				CLANG_WARN_OBJC_LITERAL_CONVERSION = YES;
				CLANG_WARN_OBJC_ROOT_CLASS = YES_ERROR;
				CLANG_WARN_RANGE_LOOP_ANALYSIS = YES;
				CLANG_WARN_STRICT_PROTOTYPES = YES;
				CLANG_WARN_SUSPICIOUS_MOVE = YES;
				CLANG_WARN_UNGUARDED_AVAILABILITY = YES_AGGRESSIVE;
				CLANG_WARN_UNREACHABLE_CODE = YES;
				CLANG_WARN__DUPLICATE_METHOD_MATCH = YES;
				CODE_SIGN_IDENTITY = "iPhone Developer";
				COPY_PHASE_STRIP = NO;
				DEBUG_INFORMATION_FORMAT = dwarf;
				ENABLE_STRICT_OBJC_MSGSEND = YES;
				ENABLE_TESTABILITY = YES;
				GCC_C_LANGUAGE_STANDARD = gnu11;
				GCC_DYNAMIC_NO_PIC = NO;
				GCC_NO_COMMON_BLOCKS = YES;
				GCC_OPTIMIZATION_LEVEL = 0;
				GCC_PREPROCESSOR_DEFINITIONS = (
					"DEBUG=1",
					"$(inherited)",
				);
				GCC_WARN_64_TO_32_BIT_CONVERSION = YES;
				GCC_WARN_ABOUT_RETURN_TYPE = YES_ERROR;
				GCC_WARN_UNDECLARED_SELECTOR = YES;
				GCC_WARN_UNINITIALIZED_AUTOS = YES_AGGRESSIVE;
				GCC_WARN_UNUSED_FUNCTION = YES;
				GCC_WARN_UNUSED_VARIABLE = YES;
				IPHONEOS_DEPLOYMENT_TARGET = 11.2;
				MTL_ENABLE_DEBUG_INFO = YES;
				ONLY_ACTIVE_ARCH = YES;
				SDKROOT = iphoneos;
				SWIFT_ACTIVE_COMPILATION_CONDITIONS = DEBUG;
				SWIFT_OPTIMIZATION_LEVEL = "-Onone";
			};
			name = Debug;
		};
		5E8EC8E0202A3785000F86D8 /* Release */ = {
			isa = XCBuildConfiguration;
			buildSettings = {
				ALWAYS_SEARCH_USER_PATHS = NO;
				CLANG_ANALYZER_NONNULL = YES;
				CLANG_ANALYZER_NUMBER_OBJECT_CONVERSION = YES_AGGRESSIVE;
				CLANG_CXX_LANGUAGE_STANDARD = "gnu++14";
				CLANG_CXX_LIBRARY = "libc++";
				CLANG_ENABLE_MODULES = YES;
				CLANG_ENABLE_OBJC_ARC = YES;
				CLANG_WARN_BLOCK_CAPTURE_AUTORELEASING = YES;
				CLANG_WARN_BOOL_CONVERSION = YES;
				CLANG_WARN_COMMA = YES;
				CLANG_WARN_CONSTANT_CONVERSION = YES;
				CLANG_WARN_DIRECT_OBJC_ISA_USAGE = YES_ERROR;
				CLANG_WARN_DOCUMENTATION_COMMENTS = YES;
				CLANG_WARN_EMPTY_BODY = YES;
				CLANG_WARN_ENUM_CONVERSION = YES;
				CLANG_WARN_INFINITE_RECURSION = YES;
				CLANG_WARN_INT_CONVERSION = YES;
				CLANG_WARN_NON_LITERAL_NULL_CONVERSION = YES;
				CLANG_WARN_OBJC_LITERAL_CONVERSION = YES;
				CLANG_WARN_OBJC_ROOT_CLASS = YES_ERROR;
				CLANG_WARN_RANGE_LOOP_ANALYSIS = YES;
				CLANG_WARN_STRICT_PROTOTYPES = YES;
				CLANG_WARN_SUSPICIOUS_MOVE = YES;
				CLANG_WARN_UNGUARDED_AVAILABILITY = YES_AGGRESSIVE;
				CLANG_WARN_UNREACHABLE_CODE = YES;
				CLANG_WARN__DUPLICATE_METHOD_MATCH = YES;
				CODE_SIGN_IDENTITY = "iPhone Developer";
				COPY_PHASE_STRIP = NO;
				DEBUG_INFORMATION_FORMAT = "dwarf-with-dsym";
				ENABLE_NS_ASSERTIONS = NO;
				ENABLE_STRICT_OBJC_MSGSEND = YES;
				GCC_C_LANGUAGE_STANDARD = gnu11;
				GCC_NO_COMMON_BLOCKS = YES;
				GCC_WARN_64_TO_32_BIT_CONVERSION = YES;
				GCC_WARN_ABOUT_RETURN_TYPE = YES_ERROR;
				GCC_WARN_UNDECLARED_SELECTOR = YES;
				GCC_WARN_UNINITIALIZED_AUTOS = YES_AGGRESSIVE;
				GCC_WARN_UNUSED_FUNCTION = YES;
				GCC_WARN_UNUSED_VARIABLE = YES;
				IPHONEOS_DEPLOYMENT_TARGET = 11.2;
				MTL_ENABLE_DEBUG_INFO = NO;
				SDKROOT = iphoneos;
				SWIFT_OPTIMIZATION_LEVEL = "-Owholemodule";
				VALIDATE_PRODUCT = YES;
			};
			name = Release;
		};
		5E8EC8E2202A3785000F86D8 /* Debug */ = {
			isa = XCBuildConfiguration;
			buildSettings = {
				ASSETCATALOG_COMPILER_APPICON_NAME = AppIcon;
				CODE_SIGN_STYLE = Automatic;
				DEVELOPMENT_TEAM = VKT95LEUQ9;
				INFOPLIST_FILE = CruCentralCoast/Info.plist;
				LD_RUNPATH_SEARCH_PATHS = "$(inherited) @executable_path/Frameworks";
				PRODUCT_BUNDLE_IDENTIFIER = "Landon-Gerrits.CruCentralCoast";
				PRODUCT_NAME = "$(TARGET_NAME)";
				SWIFT_VERSION = 4.0;
				TARGETED_DEVICE_FAMILY = "1,2";
			};
			name = Debug;
		};
		5E8EC8E3202A3785000F86D8 /* Release */ = {
			isa = XCBuildConfiguration;
			buildSettings = {
				ASSETCATALOG_COMPILER_APPICON_NAME = AppIcon;
				CODE_SIGN_STYLE = Automatic;
				DEVELOPMENT_TEAM = VKT95LEUQ9;
				INFOPLIST_FILE = CruCentralCoast/Info.plist;
				LD_RUNPATH_SEARCH_PATHS = "$(inherited) @executable_path/Frameworks";
				PRODUCT_BUNDLE_IDENTIFIER = "Landon-Gerrits.CruCentralCoast";
				PRODUCT_NAME = "$(TARGET_NAME)";
				SWIFT_VERSION = 4.0;
				TARGETED_DEVICE_FAMILY = "1,2";
			};
			name = Release;
		};
		5E8EC8E5202A3785000F86D8 /* Debug */ = {
			isa = XCBuildConfiguration;
			buildSettings = {
				ALWAYS_EMBED_SWIFT_STANDARD_LIBRARIES = YES;
				BUNDLE_LOADER = "$(TEST_HOST)";
				CODE_SIGN_STYLE = Automatic;
				INFOPLIST_FILE = CruCentralCoastTests/Info.plist;
				LD_RUNPATH_SEARCH_PATHS = "$(inherited) @executable_path/Frameworks @loader_path/Frameworks";
				PRODUCT_BUNDLE_IDENTIFIER = "Landon-Gerrits.CruCentralCoastTests";
				PRODUCT_NAME = "$(TARGET_NAME)";
				SWIFT_VERSION = 4.0;
				TARGETED_DEVICE_FAMILY = "1,2";
				TEST_HOST = "$(BUILT_PRODUCTS_DIR)/CruCentralCoast.app/CruCentralCoast";
			};
			name = Debug;
		};
		5E8EC8E6202A3785000F86D8 /* Release */ = {
			isa = XCBuildConfiguration;
			buildSettings = {
				ALWAYS_EMBED_SWIFT_STANDARD_LIBRARIES = YES;
				BUNDLE_LOADER = "$(TEST_HOST)";
				CODE_SIGN_STYLE = Automatic;
				INFOPLIST_FILE = CruCentralCoastTests/Info.plist;
				LD_RUNPATH_SEARCH_PATHS = "$(inherited) @executable_path/Frameworks @loader_path/Frameworks";
				PRODUCT_BUNDLE_IDENTIFIER = "Landon-Gerrits.CruCentralCoastTests";
				PRODUCT_NAME = "$(TARGET_NAME)";
				SWIFT_VERSION = 4.0;
				TARGETED_DEVICE_FAMILY = "1,2";
				TEST_HOST = "$(BUILT_PRODUCTS_DIR)/CruCentralCoast.app/CruCentralCoast";
			};
			name = Release;
		};
		5E8EC8E8202A3785000F86D8 /* Debug */ = {
			isa = XCBuildConfiguration;
			buildSettings = {
				ALWAYS_EMBED_SWIFT_STANDARD_LIBRARIES = YES;
				CODE_SIGN_STYLE = Automatic;
				INFOPLIST_FILE = CruCentralCoastUITests/Info.plist;
				LD_RUNPATH_SEARCH_PATHS = "$(inherited) @executable_path/Frameworks @loader_path/Frameworks";
				PRODUCT_BUNDLE_IDENTIFIER = "Landon-Gerrits.CruCentralCoastUITests";
				PRODUCT_NAME = "$(TARGET_NAME)";
				SWIFT_VERSION = 4.0;
				TARGETED_DEVICE_FAMILY = "1,2";
				TEST_TARGET_NAME = CruCentralCoast;
			};
			name = Debug;
		};
		5E8EC8E9202A3785000F86D8 /* Release */ = {
			isa = XCBuildConfiguration;
			buildSettings = {
				ALWAYS_EMBED_SWIFT_STANDARD_LIBRARIES = YES;
				CODE_SIGN_STYLE = Automatic;
				INFOPLIST_FILE = CruCentralCoastUITests/Info.plist;
				LD_RUNPATH_SEARCH_PATHS = "$(inherited) @executable_path/Frameworks @loader_path/Frameworks";
				PRODUCT_BUNDLE_IDENTIFIER = "Landon-Gerrits.CruCentralCoastUITests";
				PRODUCT_NAME = "$(TARGET_NAME)";
				SWIFT_VERSION = 4.0;
				TARGETED_DEVICE_FAMILY = "1,2";
				TEST_TARGET_NAME = CruCentralCoast;
			};
			name = Release;
		};
/* End XCBuildConfiguration section */

/* Begin XCConfigurationList section */
		5E8EC8B2202A3785000F86D8 /* Build configuration list for PBXProject "CruCentralCoast" */ = {
			isa = XCConfigurationList;
			buildConfigurations = (
				5E8EC8DF202A3785000F86D8 /* Debug */,
				5E8EC8E0202A3785000F86D8 /* Release */,
			);
			defaultConfigurationIsVisible = 0;
			defaultConfigurationName = Release;
		};
		5E8EC8E1202A3785000F86D8 /* Build configuration list for PBXNativeTarget "CruCentralCoast" */ = {
			isa = XCConfigurationList;
			buildConfigurations = (
				5E8EC8E2202A3785000F86D8 /* Debug */,
				5E8EC8E3202A3785000F86D8 /* Release */,
			);
			defaultConfigurationIsVisible = 0;
			defaultConfigurationName = Release;
		};
		5E8EC8E4202A3785000F86D8 /* Build configuration list for PBXNativeTarget "CruCentralCoastTests" */ = {
			isa = XCConfigurationList;
			buildConfigurations = (
				5E8EC8E5202A3785000F86D8 /* Debug */,
				5E8EC8E6202A3785000F86D8 /* Release */,
			);
			defaultConfigurationIsVisible = 0;
			defaultConfigurationName = Release;
		};
		5E8EC8E7202A3785000F86D8 /* Build configuration list for PBXNativeTarget "CruCentralCoastUITests" */ = {
			isa = XCConfigurationList;
			buildConfigurations = (
				5E8EC8E8202A3785000F86D8 /* Debug */,
				5E8EC8E9202A3785000F86D8 /* Release */,
			);
			defaultConfigurationIsVisible = 0;
			defaultConfigurationName = Release;
		};
/* End XCConfigurationList section */
	};
	rootObject = 5E8EC8AF202A3785000F86D8 /* Project object */;
}
